
Microsoft Visual Studio Solution File, Format Version 12.00
# Visual Studio Version 17
VisualStudioVersion = 17.6.33417.168
MinimumVisualStudioVersion = 10.0.40219.1
Project("{2150E333-8FDC-42A3-9474-1A3956D46DE8}") = "Solution Items", "Solution Items", "{CA1FF1AA-DA06-421E-85CD-F00C01853C3C}"
	ProjectSection(SolutionItems) = preProject
		.editorconfig = .editorconfig
		..\.gitattributes = ..\.gitattributes
		..\.gitignore = ..\.gitignore
		..\docs\docs-index.md = ..\docs\docs-index.md
		..\readme.md = ..\readme.md
		..\docs\requirements-breakdown.md = ..\docs\requirements-breakdown.md
	EndProjectSection
EndProject
Project("{9A19103F-16F7-4668-BE54-9A1E7A4F7556}") = "BenefitManager", "BenefitManager\BenefitManager.csproj", "{540CB196-6175-4C43-B675-9B43C8F04137}"
EndProject
Project("{9A19103F-16F7-4668-BE54-9A1E7A4F7556}") = "BenefitManager.Tests", "BenefitManager.Tests\BenefitManager.Tests.csproj", "{A47B8FA1-1775-4332-8BD9-FEB5AEED111C}"
EndProject
Project("{2150E333-8FDC-42A3-9474-1A3956D46DE8}") = "Tests", "Tests", "{543F8ACF-85D3-49AD-8147-404E25B51423}"
EndProject
Project("{00D1A9C2-B5F0-4AF3-8072-F6C62B433612}") = "BenefitsManager.DB", "BenefitsManager.DB\BenefitsManager.DB.sqlproj", "{8C45A73E-C718-442E-90B3-31749E0EDDA5}"
EndProject
Project("{FAE04EC0-301F-11D3-BF4B-00C04F79EFBC}") = "BenefitsManager.API", "BenefitsManager.API\BenefitsManager.API.csproj", "{BF0B058C-50A5-436B-A294-0806BF0455A3}"
EndProject
Global
	GlobalSection(SolutionConfigurationPlatforms) = preSolution
		Debug|Any CPU = Debug|Any CPU
		Release|Any CPU = Release|Any CPU
	EndGlobalSection
	GlobalSection(ProjectConfigurationPlatforms) = postSolution
		{540CB196-6175-4C43-B675-9B43C8F04137}.Debug|Any CPU.ActiveCfg = Debug|Any CPU
		{540CB196-6175-4C43-B675-9B43C8F04137}.Debug|Any CPU.Build.0 = Debug|Any CPU
		{540CB196-6175-4C43-B675-9B43C8F04137}.Release|Any CPU.ActiveCfg = Release|Any CPU
		{540CB196-6175-4C43-B675-9B43C8F04137}.Release|Any CPU.Build.0 = Release|Any CPU
		{A47B8FA1-1775-4332-8BD9-FEB5AEED111C}.Debug|Any CPU.ActiveCfg = Debug|Any CPU
		{A47B8FA1-1775-4332-8BD9-FEB5AEED111C}.Debug|Any CPU.Build.0 = Debug|Any CPU
		{A47B8FA1-1775-4332-8BD9-FEB5AEED111C}.Release|Any CPU.ActiveCfg = Release|Any CPU
		{A47B8FA1-1775-4332-8BD9-FEB5AEED111C}.Release|Any CPU.Build.0 = Release|Any CPU
		{8C45A73E-C718-442E-90B3-31749E0EDDA5}.Debug|Any CPU.ActiveCfg = Debug|Any CPU
		{8C45A73E-C718-442E-90B3-31749E0EDDA5}.Debug|Any CPU.Build.0 = Debug|Any CPU
		{8C45A73E-C718-442E-90B3-31749E0EDDA5}.Debug|Any CPU.Deploy.0 = Debug|Any CPU
		{8C45A73E-C718-442E-90B3-31749E0EDDA5}.Release|Any CPU.ActiveCfg = Release|Any CPU
		{8C45A73E-C718-442E-90B3-31749E0EDDA5}.Release|Any CPU.Build.0 = Release|Any CPU
		{8C45A73E-C718-442E-90B3-31749E0EDDA5}.Release|Any CPU.Deploy.0 = Release|Any CPU
		{BF0B058C-50A5-436B-A294-0806BF0455A3}.Debug|Any CPU.ActiveCfg = Debug|Any CPU
		{BF0B058C-50A5-436B-A294-0806BF0455A3}.Debug|Any CPU.Build.0 = Debug|Any CPU
		{BF0B058C-50A5-436B-A294-0806BF0455A3}.Release|Any CPU.ActiveCfg = Release|Any CPU
		{BF0B058C-50A5-436B-A294-0806BF0455A3}.Release|Any CPU.Build.0 = Release|Any CPU
	EndGlobalSection
	GlobalSection(SolutionProperties) = preSolution
		HideSolutionNode = FALSE
	EndGlobalSection
	GlobalSection(NestedProjects) = preSolution
		{A47B8FA1-1775-4332-8BD9-FEB5AEED111C} = {543F8ACF-85D3-49AD-8147-404E25B51423}
	EndGlobalSection
	GlobalSection(ExtensibilityGlobals) = postSolution
		SolutionGuid = {436E46DE-E362-4029-99AD-582A77369AE5}
	EndGlobalSection
EndGlobal
